
Microsoft Visual Studio Solution File, Format Version 12.00
# Visual Studio 14
VisualStudioVersion = 14.0.25420.1
MinimumVisualStudioVersion = 10.0.40219.1
Project("{FAE04EC0-301F-11D3-BF4B-00C04F79EFBC}") = "CryptanalysisRSAProject", "CryptanalysisRSAProject\CryptanalysisRSAProject.csproj", "{8CC41B41-0D4E-4CF2-86CC-584D1CF028FA}"
EndProject
Global
	GlobalSection(SolutionConfigurationPlatforms) = preSolution
		Debug|Any CPU = Debug|Any CPU
		Release|Any CPU = Release|Any CPU
	EndGlobalSection
	GlobalSection(ProjectConfigurationPlatforms) = postSolution
		{8CC41B41-0D4E-4CF2-86CC-584D1CF028FA}.Debug|Any CPU.ActiveCfg = Debug|Any CPU
		{8CC41B41-0D4E-4CF2-86CC-584D1CF028FA}.Debug|Any CPU.Build.0 = Debug|Any CPU
		{8CC41B41-0D4E-4CF2-86CC-584D1CF028FA}.Release|Any CPU.ActiveCfg = Release|Any CPU
		{8CC41B41-0D4E-4CF2-86CC-584D1CF028FA}.Release|Any CPU.Build.0 = Release|Any CPU
	EndGlobalSection
	GlobalSection(SolutionProperties) = preSolution
		HideSolutionNode = FALSE
	EndGlobalSection
EndGlobal
